
Microsoft Visual Studio Solution File, Format Version 12.00
# Visual Studio 15
VisualStudioVersion = 15.0.28010.2050
MinimumVisualStudioVersion = 10.0.40219.1
Project("{FAE04EC0-301F-11D3-BF4B-00C04F79EFBC}") = "aframe.Core", "aframe.Core\aframe.Core.csproj", "{1E602601-AEA4-47CD-8F44-6C5E1D7387A5}"
EndProject
Global
	GlobalSection(SolutionConfigurationPlatforms) = preSolution
		Debug|Any CPU = Debug|Any CPU
		Release|Any CPU = Release|Any CPU
	EndGlobalSection
	GlobalSection(ProjectConfigurationPlatforms) = postSolution
		{1E602601-AEA4-47CD-8F44-6C5E1D7387A5}.Debug|Any CPU.ActiveCfg = Debug|Any CPU
		{1E602601-AEA4-47CD-8F44-6C5E1D7387A5}.Debug|Any CPU.Build.0 = Debug|Any CPU
		{1E602601-AEA4-47CD-8F44-6C5E1D7387A5}.Release|Any CPU.ActiveCfg = Release|Any CPU
		{1E602601-AEA4-47CD-8F44-6C5E1D7387A5}.Release|Any CPU.Build.0 = Release|Any CPU
	EndGlobalSection
	GlobalSection(SolutionProperties) = preSolution
		HideSolutionNode = FALSE
	EndGlobalSection
	GlobalSection(ExtensibilityGlobals) = postSolution
		SolutionGuid = {E74A211B-D2BB-4FCA-9F34-3CE66C512F97}
	EndGlobalSection
EndGlobal
